[[package]]
name = "cffi"
version = "1.15.1"
description = "Foreign Function Interface for Python calling C code."
category = "main"
optional = false
python-versions = "*"

[package.dependencies]
pycparser = "*"

[[package]]
name = "numpy"
version = "1.23.5"
description = "NumPy is the fundamental package for array computing with Python."
category = "main"
optional = false
python-versions = ">=3.8"

[[package]]
name = "py"
version = "1.11.0"
description = "library with cross-python path, ini-parsing, io, code, log facilities"
category = "main"
optional = false
python-versions = ">=2.7, !=3.0.*, !=3.1.*, !=3.2.*, !=3.3.*, !=3.4.*"

[[package]]
name = "pycparser"
version = "2.21"
description = "C parser in Python"
category = "main"
optional = false
python-versions = ">=2.7, !=3.0.*, !=3.1.*, !=3.2.*, !=3.3.*"

[[package]]
name = "pyzmq"
version = "24.0.1"
description = "Python bindings for 0MQ"
category = "main"
optional = false
python-versions = ">=3.6"

[package.dependencies]
cffi = {version = "*", markers = "implementation_name == \"pypy\""}
py = {version = "*", markers = "implementation_name == \"pypy\""}

[[package]]
name = "zmq"
version = "0.0.0"
description = "You are probably looking for pyzmq."
category = "main"
optional = false
python-versions = "*"

[package.dependencies]
pyzmq = "*"

[metadata]
lock-version = "1.1"
python-versions = "^3.8"
content-hash = "f9791f3c2d459c4ab968252ba3a15c7920c5caaa9f606c3cb3d9d2e64122fc1b"

[metadata.files]
cffi = []
numpy = []
py = []
pycparser = []
pyzmq = []
zmq = []
